# This file is autogenerated, do not edit; changes may be undone by the next 'dep ensure'.


[[projects]]
  digest = "1:0b98586be892040d424cdd4fb7e047f71ddfcdbfca59f975a4b4eb14b56ae33c"
  name = "github.com/gizak/termui"
  packages = ["."]
  pruneopts = "UT"
  revision = "bf53c5cbea3f372f745e1d8e4660e29f73d41517"
  version = "v2.3.0"

[[projects]]
  branch = "master"
  digest = "1:2eeeebccad4f052e6037527e86b8114c6bfd184a97f84d4449a5ea6ad202c216"
  name = "github.com/maruel/panicparse"
  packages = ["stack"]
  pruneopts = "UT"
  revision = "f20d4c4d746f810c9110e21928d4135e1f2a3efa"

[[projects]]
  digest = "1:cdb899c199f907ac9fb50495ec71212c95cb5b0e0a8ee0800da0238036091033"
  name = "github.com/mattn/go-runewidth"
  packages = ["."]
  pruneopts = "UT"
  revision = "ce7b0b5c7b45a81508558cd1dba6bb1e4ddb51bb"
  version = "v0.0.3"

[[projects]]
  branch = "master"
  digest = "1:abf08734a6527df70ed361d7c369fb580e6840d8f7a6012e5f609fdfd93b4e48"
  name = "github.com/mitchellh/go-wordwrap"
  packages = ["."]
  pruneopts = "UT"
  revision = "9e67c67572bc5dd02aef930e2b0ae3c02a4b5a5c"

[[projects]]
  branch = "master"
  digest = "1:f335d800550786b6f51ddaedb9d1107a7a72f4a2195e5b039dd7c0e103e119bc"
  name = "github.com/nsf/termbox-go"
  packages = ["."]
  pruneopts = "UT"
  revision = "b66b20ab708e289ff1eb3e218478302e6aec28ce"

[solve-meta]
  analyzer-name = "dep"
  analyzer-version = 1
  input-imports = ["github.com/gizak/termui"]
  solver-name = "gps-cdcl"
  solver-version = 1
